
Microsoft Visual Studio Solution File, Format Version 12.00
# Visual Studio Version 16
VisualStudioVersion = 16.0.31624.102
MinimumVisualStudioVersion = 10.0.40219.1
Project("{FAE04EC0-301F-11D3-BF4B-00C04F79EFBC}") = "LogicalProgram_CS", "LogicalProgram_CS\LogicalProgram_CS.csproj", "{AA6134C6-B762-4E86-A4E5-726CA4810A2E}"
EndProject
Global
	GlobalSection(SolutionConfigurationPlatforms) = preSolution
		Debug|Any CPU = Debug|Any CPU
		Release|Any CPU = Release|Any CPU
	EndGlobalSection
	GlobalSection(ProjectConfigurationPlatforms) = postSolution
		{AA6134C6-B762-4E86-A4E5-726CA4810A2E}.Debug|Any CPU.ActiveCfg = Debug|Any CPU
		{AA6134C6-B762-4E86-A4E5-726CA4810A2E}.Debug|Any CPU.Build.0 = Debug|Any CPU
		{AA6134C6-B762-4E86-A4E5-726CA4810A2E}.Release|Any CPU.ActiveCfg = Release|Any CPU
		{AA6134C6-B762-4E86-A4E5-726CA4810A2E}.Release|Any CPU.Build.0 = Release|Any CPU
	EndGlobalSection
	GlobalSection(SolutionProperties) = preSolution
		HideSolutionNode = FALSE
	EndGlobalSection
	GlobalSection(ExtensibilityGlobals) = postSolution
		SolutionGuid = {0A7BA3C3-74C6-40CC-B892-FEEA959E6456}
	EndGlobalSection
EndGlobal
